
Microsoft Visual Studio Solution File, Format Version 12.00
# Visual Studio Version 17
VisualStudioVersion = 17.8.34330.188
MinimumVisualStudioVersion = 10.0.40219.1
Project("{FAE04EC0-301F-11D3-BF4B-00C04F79EFBC}") = "PokerGame", "PokerGame.csproj", "{76352306-E68F-4E5B-9D9E-C0A2A72F9A25}"
EndProject
Project("{FAE04EC0-301F-11D3-BF4B-00C04F79EFBC}") = "DAL", "..\DAL\DAL.csproj", "{13835D8A-E60B-4DF4-890B-7D3C7FCEF5FC}"
EndProject
Project("{FAE04EC0-301F-11D3-BF4B-00C04F79EFBC}") = "BLL", "..\BLL\BLL.csproj", "{05373DBA-4601-441B-BEF8-CD0A239C9F5B}"
EndProject
Global
	GlobalSection(SolutionConfigurationPlatforms) = preSolution
		Debug|Any CPU = Debug|Any CPU
		Release|Any CPU = Release|Any CPU
	EndGlobalSection
	GlobalSection(ProjectConfigurationPlatforms) = postSolution
		{76352306-E68F-4E5B-9D9E-C0A2A72F9A25}.Debug|Any CPU.ActiveCfg = Debug|Any CPU
		{76352306-E68F-4E5B-9D9E-C0A2A72F9A25}.Debug|Any CPU.Build.0 = Debug|Any CPU
		{76352306-E68F-4E5B-9D9E-C0A2A72F9A25}.Release|Any CPU.ActiveCfg = Release|Any CPU
		{76352306-E68F-4E5B-9D9E-C0A2A72F9A25}.Release|Any CPU.Build.0 = Release|Any CPU
		{13835D8A-E60B-4DF4-890B-7D3C7FCEF5FC}.Debug|Any CPU.ActiveCfg = Debug|Any CPU
		{13835D8A-E60B-4DF4-890B-7D3C7FCEF5FC}.Debug|Any CPU.Build.0 = Debug|Any CPU
		{13835D8A-E60B-4DF4-890B-7D3C7FCEF5FC}.Release|Any CPU.ActiveCfg = Release|Any CPU
		{13835D8A-E60B-4DF4-890B-7D3C7FCEF5FC}.Release|Any CPU.Build.0 = Release|Any CPU
		{05373DBA-4601-441B-BEF8-CD0A239C9F5B}.Debug|Any CPU.ActiveCfg = Debug|Any CPU
		{05373DBA-4601-441B-BEF8-CD0A239C9F5B}.Debug|Any CPU.Build.0 = Debug|Any CPU
		{05373DBA-4601-441B-BEF8-CD0A239C9F5B}.Release|Any CPU.ActiveCfg = Release|Any CPU
		{05373DBA-4601-441B-BEF8-CD0A239C9F5B}.Release|Any CPU.Build.0 = Release|Any CPU
	EndGlobalSection
	GlobalSection(SolutionProperties) = preSolution
		HideSolutionNode = FALSE
	EndGlobalSection
	GlobalSection(ExtensibilityGlobals) = postSolution
		SolutionGuid = {4B3BE90A-1CED-4C87-81E0-34D590BD1E36}
	EndGlobalSection
EndGlobal
